
Microsoft Visual Studio Solution File, Format Version 12.00
# Visual Studio 2013
VisualStudioVersion = 12.0.21005.1
MinimumVisualStudioVersion = 10.0.40219.1
Project("{2150E333-8FDC-42A3-9474-1A3956D46DE8}") = "DogSe", "DogSe", "{33409785-F106-4226-8C5A-3ED6E4ED15D9}"
EndProject
Project("{FAE04EC0-301F-11D3-BF4B-00C04F79EFBC}") = "DogSE.Library", "..\DogSE\DogSE.Library\DogSE.Library.csproj", "{797943E1-DD93-4363-BE95-8A1758D5BAE1}"
EndProject
Project("{FAE04EC0-301F-11D3-BF4B-00C04F79EFBC}") = "DogSE.Server.Core", "..\DogSE\DogSE.Server.Core\DogSE.Server.Core.csproj", "{CF95170E-0DC6-46B1-B7D3-8D16DD94106F}"
EndProject
Project("{FAE04EC0-301F-11D3-BF4B-00C04F79EFBC}") = "DogSE.Server.Net", "..\DogSE\DogSE.Server.Net\DogSE.Server.Net.csproj", "{79E78EEF-5810-4A54-ABFA-901BFFEAB249}"
EndProject
Project("{2150E333-8FDC-42A3-9474-1A3956D46DE8}") = "Client", "Client", "{01730B37-1D85-4BFD-8184-F29D4E843026}"
EndProject
Project("{2150E333-8FDC-42A3-9474-1A3956D46DE8}") = "Server", "Server", "{C984C355-A304-4D63-899F-D84E3DB1990F}"
EndProject
Project("{FAE04EC0-301F-11D3-BF4B-00C04F79EFBC}") = "TradeAge.Server.Entity", "Server\TradeAge.Server.Entity\TradeAge.Server.Entity.csproj", "{7E2F65E0-1C97-40C9-BDF8-12008BEDE0CA}"
EndProject
Project("{FAE04EC0-301F-11D3-BF4B-00C04F79EFBC}") = "TradeAge.Server.Game", "Server\TradeAge.Server.Game\TradeAge.Server.Game.csproj", "{1CEBAA71-7742-4AA6-857E-81BFC81EAF84}"
EndProject
Project("{FAE04EC0-301F-11D3-BF4B-00C04F79EFBC}") = "TradeAge.Server.Logic", "Server\TradeAge.Server.Logic\TradeAge.Server.Logic.csproj", "{C45D9121-12A2-44B4-8274-C5FC5098A780}"
EndProject
Project("{FAE04EC0-301F-11D3-BF4B-00C04F79EFBC}") = "TradeAge.Server.Protocol", "Server\TradeAge.Server.Protocol\TradeAge.Server.Protocol.csproj", "{6780B91B-AF66-4874-810A-0AD67DF40841}"
EndProject
Project("{2150E333-8FDC-42A3-9474-1A3956D46DE8}") = "Common", "Common", "{319F35E0-36AF-4588-BB4D-828C72DDBACE}"
EndProject
Project("{FAE04EC0-301F-11D3-BF4B-00C04F79EFBC}") = "TradeAge.Common.Entity", "Common\TradeAge.Common.Entity\TradeAge.Common.Entity.csproj", "{22EBEDE1-F9EB-40EC-97EC-89440F54F690}"
EndProject
Project("{FAE04EC0-301F-11D3-BF4B-00C04F79EFBC}") = "TradeAge.Server.Interface", "TradeAge.Server.Interface\TradeAge.Server.Interface.csproj", "{71DC0EA6-94E6-4348-A86F-636CCD449B3B}"
EndProject
Project("{FAE04EC0-301F-11D3-BF4B-00C04F79EFBC}") = "DogSE.Tools.CodeGeneration", "..\DogSE\DogSE.Tools.CodeGeneration\DogSE.Tools.CodeGeneration.csproj", "{3CBB0BB8-E94A-4719-99B9-5580B4EC3205}"
EndProject
Project("{FAE04EC0-301F-11D3-BF4B-00C04F79EFBC}") = "DogSE.Common", "..\DogSE\DogSE.Server.Common\DogSE.Common.csproj", "{512DD013-E7EE-4D11-BF5A-6ED81304AD05}"
EndProject
Project("{FAE04EC0-301F-11D3-BF4B-00C04F79EFBC}") = "DogSE.Server.Database", "..\DogSE\DogSE.Server.Database\DogSE.Server.Database.csproj", "{85FAF347-7046-408A-9CD8-B5F5EED84301}"
EndProject
Project("{FAE04EC0-301F-11D3-BF4B-00C04F79EFBC}") = "DogSE.Server.Database.MangoDB", "..\DogSE\DogSE.Server.Database.MangoDB\DogSE.Server.Database.MangoDB.csproj", "{5FB84966-CEBD-4DBE-82B9-DF00E2CFF279}"
EndProject
Global
	GlobalSection(SolutionConfigurationPlatforms) = preSolution
		Debug|Any CPU = Debug|Any CPU
		Release|Any CPU = Release|Any CPU
	EndGlobalSection
	GlobalSection(ProjectConfigurationPlatforms) = postSolution
		{797943E1-DD93-4363-BE95-8A1758D5BAE1}.Debug|Any CPU.ActiveCfg = Debug|Any CPU
		{797943E1-DD93-4363-BE95-8A1758D5BAE1}.Debug|Any CPU.Build.0 = Debug|Any CPU
		{797943E1-DD93-4363-BE95-8A1758D5BAE1}.Release|Any CPU.ActiveCfg = Release|Any CPU
		{797943E1-DD93-4363-BE95-8A1758D5BAE1}.Release|Any CPU.Build.0 = Release|Any CPU
		{CF95170E-0DC6-46B1-B7D3-8D16DD94106F}.Debug|Any CPU.ActiveCfg = Debug|Any CPU
		{CF95170E-0DC6-46B1-B7D3-8D16DD94106F}.Debug|Any CPU.Build.0 = Debug|Any CPU
		{CF95170E-0DC6-46B1-B7D3-8D16DD94106F}.Release|Any CPU.ActiveCfg = Release|Any CPU
		{CF95170E-0DC6-46B1-B7D3-8D16DD94106F}.Release|Any CPU.Build.0 = Release|Any CPU
		{79E78EEF-5810-4A54-ABFA-901BFFEAB249}.Debug|Any CPU.ActiveCfg = Debug|Any CPU
		{79E78EEF-5810-4A54-ABFA-901BFFEAB249}.Debug|Any CPU.Build.0 = Debug|Any CPU
		{79E78EEF-5810-4A54-ABFA-901BFFEAB249}.Release|Any CPU.ActiveCfg = Release|Any CPU
		{79E78EEF-5810-4A54-ABFA-901BFFEAB249}.Release|Any CPU.Build.0 = Release|Any CPU
		{7E2F65E0-1C97-40C9-BDF8-12008BEDE0CA}.Debug|Any CPU.ActiveCfg = Debug|Any CPU
		{7E2F65E0-1C97-40C9-BDF8-12008BEDE0CA}.Debug|Any CPU.Build.0 = Debug|Any CPU
		{7E2F65E0-1C97-40C9-BDF8-12008BEDE0CA}.Release|Any CPU.ActiveCfg = Release|Any CPU
		{7E2F65E0-1C97-40C9-BDF8-12008BEDE0CA}.Release|Any CPU.Build.0 = Release|Any CPU
		{1CEBAA71-7742-4AA6-857E-81BFC81EAF84}.Debug|Any CPU.ActiveCfg = Debug|Any CPU
		{1CEBAA71-7742-4AA6-857E-81BFC81EAF84}.Debug|Any CPU.Build.0 = Debug|Any CPU
		{1CEBAA71-7742-4AA6-857E-81BFC81EAF84}.Release|Any CPU.ActiveCfg = Release|Any CPU
		{1CEBAA71-7742-4AA6-857E-81BFC81EAF84}.Release|Any CPU.Build.0 = Release|Any CPU
		{C45D9121-12A2-44B4-8274-C5FC5098A780}.Debug|Any CPU.ActiveCfg = Debug|Any CPU
		{C45D9121-12A2-44B4-8274-C5FC5098A780}.Debug|Any CPU.Build.0 = Debug|Any CPU
		{C45D9121-12A2-44B4-8274-C5FC5098A780}.Release|Any CPU.ActiveCfg = Release|Any CPU
		{C45D9121-12A2-44B4-8274-C5FC5098A780}.Release|Any CPU.Build.0 = Release|Any CPU
		{6780B91B-AF66-4874-810A-0AD67DF40841}.Debug|Any CPU.ActiveCfg = Debug|Any CPU
		{6780B91B-AF66-4874-810A-0AD67DF40841}.Debug|Any CPU.Build.0 = Debug|Any CPU
		{6780B91B-AF66-4874-810A-0AD67DF40841}.Release|Any CPU.ActiveCfg = Release|Any CPU
		{6780B91B-AF66-4874-810A-0AD67DF40841}.Release|Any CPU.Build.0 = Release|Any CPU
		{22EBEDE1-F9EB-40EC-97EC-89440F54F690}.Debug|Any CPU.ActiveCfg = Debug|Any CPU
		{22EBEDE1-F9EB-40EC-97EC-89440F54F690}.Debug|Any CPU.Build.0 = Debug|Any CPU
		{22EBEDE1-F9EB-40EC-97EC-89440F54F690}.Release|Any CPU.ActiveCfg = Release|Any CPU
		{22EBEDE1-F9EB-40EC-97EC-89440F54F690}.Release|Any CPU.Build.0 = Release|Any CPU
		{71DC0EA6-94E6-4348-A86F-636CCD449B3B}.Debug|Any CPU.ActiveCfg = Debug|Any CPU
		{71DC0EA6-94E6-4348-A86F-636CCD449B3B}.Debug|Any CPU.Build.0 = Debug|Any CPU
		{71DC0EA6-94E6-4348-A86F-636CCD449B3B}.Release|Any CPU.ActiveCfg = Release|Any CPU
		{71DC0EA6-94E6-4348-A86F-636CCD449B3B}.Release|Any CPU.Build.0 = Release|Any CPU
		{3CBB0BB8-E94A-4719-99B9-5580B4EC3205}.Debug|Any CPU.ActiveCfg = Debug|Any CPU
		{3CBB0BB8-E94A-4719-99B9-5580B4EC3205}.Debug|Any CPU.Build.0 = Debug|Any CPU
		{3CBB0BB8-E94A-4719-99B9-5580B4EC3205}.Release|Any CPU.ActiveCfg = Release|Any CPU
		{3CBB0BB8-E94A-4719-99B9-5580B4EC3205}.Release|Any CPU.Build.0 = Release|Any CPU
		{512DD013-E7EE-4D11-BF5A-6ED81304AD05}.Debug|Any CPU.ActiveCfg = Debug|Any CPU
		{512DD013-E7EE-4D11-BF5A-6ED81304AD05}.Debug|Any CPU.Build.0 = Debug|Any CPU
		{512DD013-E7EE-4D11-BF5A-6ED81304AD05}.Release|Any CPU.ActiveCfg = Release|Any CPU
		{512DD013-E7EE-4D11-BF5A-6ED81304AD05}.Release|Any CPU.Build.0 = Release|Any CPU
		{85FAF347-7046-408A-9CD8-B5F5EED84301}.Debug|Any CPU.ActiveCfg = Debug|Any CPU
		{85FAF347-7046-408A-9CD8-B5F5EED84301}.Debug|Any CPU.Build.0 = Debug|Any CPU
		{85FAF347-7046-408A-9CD8-B5F5EED84301}.Release|Any CPU.ActiveCfg = Release|Any CPU
		{85FAF347-7046-408A-9CD8-B5F5EED84301}.Release|Any CPU.Build.0 = Release|Any CPU
		{5FB84966-CEBD-4DBE-82B9-DF00E2CFF279}.Debug|Any CPU.ActiveCfg = Debug|Any CPU
		{5FB84966-CEBD-4DBE-82B9-DF00E2CFF279}.Debug|Any CPU.Build.0 = Debug|Any CPU
		{5FB84966-CEBD-4DBE-82B9-DF00E2CFF279}.Release|Any CPU.ActiveCfg = Release|Any CPU
		{5FB84966-CEBD-4DBE-82B9-DF00E2CFF279}.Release|Any CPU.Build.0 = Release|Any CPU
	EndGlobalSection
	GlobalSection(SolutionProperties) = preSolution
		HideSolutionNode = FALSE
	EndGlobalSection
	GlobalSection(NestedProjects) = preSolution
		{797943E1-DD93-4363-BE95-8A1758D5BAE1} = {33409785-F106-4226-8C5A-3ED6E4ED15D9}
		{CF95170E-0DC6-46B1-B7D3-8D16DD94106F} = {33409785-F106-4226-8C5A-3ED6E4ED15D9}
		{79E78EEF-5810-4A54-ABFA-901BFFEAB249} = {33409785-F106-4226-8C5A-3ED6E4ED15D9}
		{3CBB0BB8-E94A-4719-99B9-5580B4EC3205} = {33409785-F106-4226-8C5A-3ED6E4ED15D9}
		{512DD013-E7EE-4D11-BF5A-6ED81304AD05} = {33409785-F106-4226-8C5A-3ED6E4ED15D9}
		{85FAF347-7046-408A-9CD8-B5F5EED84301} = {33409785-F106-4226-8C5A-3ED6E4ED15D9}
		{5FB84966-CEBD-4DBE-82B9-DF00E2CFF279} = {33409785-F106-4226-8C5A-3ED6E4ED15D9}
		{7E2F65E0-1C97-40C9-BDF8-12008BEDE0CA} = {C984C355-A304-4D63-899F-D84E3DB1990F}
		{1CEBAA71-7742-4AA6-857E-81BFC81EAF84} = {C984C355-A304-4D63-899F-D84E3DB1990F}
		{C45D9121-12A2-44B4-8274-C5FC5098A780} = {C984C355-A304-4D63-899F-D84E3DB1990F}
		{6780B91B-AF66-4874-810A-0AD67DF40841} = {C984C355-A304-4D63-899F-D84E3DB1990F}
		{71DC0EA6-94E6-4348-A86F-636CCD449B3B} = {C984C355-A304-4D63-899F-D84E3DB1990F}
		{22EBEDE1-F9EB-40EC-97EC-89440F54F690} = {319F35E0-36AF-4588-BB4D-828C72DDBACE}
	EndGlobalSection
EndGlobal
